
Microsoft Visual Studio Solution File, Format Version 12.00
# Visual Studio Version 16
VisualStudioVersion = 16.0.30413.136
MinimumVisualStudioVersion = 10.0.40219.1
Project("{FAE04EC0-301F-11D3-BF4B-00C04F79EFBC}") = "ProyectoAuditoriasCMD", "ProyectoAuditoriasCMD\ProyectoAuditoriasCMD.csproj", "{2B2FB4C5-E314-40E7-BC7D-03AC628F3744}"
EndProject
Global
	GlobalSection(SolutionConfigurationPlatforms) = preSolution
		Debug|Any CPU = Debug|Any CPU
		Release|Any CPU = Release|Any CPU
	EndGlobalSection
	GlobalSection(ProjectConfigurationPlatforms) = postSolution
		{2B2FB4C5-E314-40E7-BC7D-03AC628F3744}.Debug|Any CPU.ActiveCfg = Debug|Any CPU
		{2B2FB4C5-E314-40E7-BC7D-03AC628F3744}.Debug|Any CPU.Build.0 = Debug|Any CPU
		{2B2FB4C5-E314-40E7-BC7D-03AC628F3744}.Release|Any CPU.ActiveCfg = Release|Any CPU
		{2B2FB4C5-E314-40E7-BC7D-03AC628F3744}.Release|Any CPU.Build.0 = Release|Any CPU
	EndGlobalSection
	GlobalSection(SolutionProperties) = preSolution
		HideSolutionNode = FALSE
	EndGlobalSection
	GlobalSection(ExtensibilityGlobals) = postSolution
		SolutionGuid = {189ED09A-D70C-4EC5-821B-9B28190A1D2A}
	EndGlobalSection
EndGlobal
